
Microsoft Visual Studio Solution File, Format Version 12.00
# Visual Studio Version 17
VisualStudioVersion = 17.3.32811.315
MinimumVisualStudioVersion = 10.0.40219.1
Project("{FAE04EC0-301F-11D3-BF4B-00C04F79EFBC}") = "CodeScanTest", "CodeScanTest\CodeScanTest.csproj", "{88BF8F0C-B5D4-4640-A447-423204994BBC}"
EndProject
Global
	GlobalSection(SolutionConfigurationPlatforms) = preSolution
		Debug|Any CPU = Debug|Any CPU
		Release|Any CPU = Release|Any CPU
	EndGlobalSection
	GlobalSection(ProjectConfigurationPlatforms) = postSolution
		{88BF8F0C-B5D4-4640-A447-423204994BBC}.Debug|Any CPU.ActiveCfg = Debug|Any CPU
		{88BF8F0C-B5D4-4640-A447-423204994BBC}.Debug|Any CPU.Build.0 = Debug|Any CPU
		{88BF8F0C-B5D4-4640-A447-423204994BBC}.Release|Any CPU.ActiveCfg = Release|Any CPU
		{88BF8F0C-B5D4-4640-A447-423204994BBC}.Release|Any CPU.Build.0 = Release|Any CPU
	EndGlobalSection
	GlobalSection(SolutionProperties) = preSolution
		HideSolutionNode = FALSE
	EndGlobalSection
	GlobalSection(ExtensibilityGlobals) = postSolution
		SolutionGuid = {61CBBAB6-7971-4AB0-97C6-076B84D4821F}
	EndGlobalSection
EndGlobal
